
Microsoft Visual Studio Solution File, Format Version 12.00
# Visual Studio Version 16
VisualStudioVersion = 16.0.30907.101
MinimumVisualStudioVersion = 10.0.40219.1
Project("{8BC9CEB8-8B4A-11D0-8D11-00A0C91BC942}") = "test_2021_4_20", "test_2021_4_20.vcxproj", "{FDBE2406-F15D-4A27-BBBD-442CF728AE12}"
EndProject
Global
	GlobalSection(SolutionConfigurationPlatforms) = preSolution
		Debug|x64 = Debug|x64
		Debug|x86 = Debug|x86
		Release|x64 = Release|x64
		Release|x86 = Release|x86
	EndGlobalSection
	GlobalSection(ProjectConfigurationPlatforms) = postSolution
		{FDBE2406-F15D-4A27-BBBD-442CF728AE12}.Debug|x64.ActiveCfg = Debug|x64
		{FDBE2406-F15D-4A27-BBBD-442CF728AE12}.Debug|x64.Build.0 = Debug|x64
		{FDBE2406-F15D-4A27-BBBD-442CF728AE12}.Debug|x86.ActiveCfg = Debug|Win32
		{FDBE2406-F15D-4A27-BBBD-442CF728AE12}.Debug|x86.Build.0 = Debug|Win32
		{FDBE2406-F15D-4A27-BBBD-442CF728AE12}.Release|x64.ActiveCfg = Release|x64
		{FDBE2406-F15D-4A27-BBBD-442CF728AE12}.Release|x64.Build.0 = Release|x64
		{FDBE2406-F15D-4A27-BBBD-442CF728AE12}.Release|x86.ActiveCfg = Release|Win32
		{FDBE2406-F15D-4A27-BBBD-442CF728AE12}.Release|x86.Build.0 = Release|Win32
	EndGlobalSection
	GlobalSection(SolutionProperties) = preSolution
		HideSolutionNode = FALSE
	EndGlobalSection
	GlobalSection(ExtensibilityGlobals) = postSolution
		SolutionGuid = {2293CD34-9A40-48B5-A887-D05AD77BADB6}
	EndGlobalSection
EndGlobal
