
Microsoft Visual Studio Solution File, Format Version 12.00
# Visual Studio Version 16
VisualStudioVersion = 16.0.30907.101
MinimumVisualStudioVersion = 10.0.40219.1
Project("{8BC9CEB8-8B4A-11D0-8D11-00A0C91BC942}") = "test_2021_2_8", "test_2021_2_8.vcxproj", "{FD3101A3-96EC-43AB-A696-DAB4A42EF070}"
EndProject
Global
	GlobalSection(SolutionConfigurationPlatforms) = preSolution
		Debug|x64 = Debug|x64
		Debug|x86 = Debug|x86
		Release|x64 = Release|x64
		Release|x86 = Release|x86
	EndGlobalSection
	GlobalSection(ProjectConfigurationPlatforms) = postSolution
		{FD3101A3-96EC-43AB-A696-DAB4A42EF070}.Debug|x64.ActiveCfg = Debug|x64
		{FD3101A3-96EC-43AB-A696-DAB4A42EF070}.Debug|x64.Build.0 = Debug|x64
		{FD3101A3-96EC-43AB-A696-DAB4A42EF070}.Debug|x86.ActiveCfg = Debug|Win32
		{FD3101A3-96EC-43AB-A696-DAB4A42EF070}.Debug|x86.Build.0 = Debug|Win32
		{FD3101A3-96EC-43AB-A696-DAB4A42EF070}.Release|x64.ActiveCfg = Release|x64
		{FD3101A3-96EC-43AB-A696-DAB4A42EF070}.Release|x64.Build.0 = Release|x64
		{FD3101A3-96EC-43AB-A696-DAB4A42EF070}.Release|x86.ActiveCfg = Release|Win32
		{FD3101A3-96EC-43AB-A696-DAB4A42EF070}.Release|x86.Build.0 = Release|Win32
	EndGlobalSection
	GlobalSection(SolutionProperties) = preSolution
		HideSolutionNode = FALSE
	EndGlobalSection
	GlobalSection(ExtensibilityGlobals) = postSolution
		SolutionGuid = {4DE59CF6-E5B9-4E45-8666-C3CB8256884F}
	EndGlobalSection
EndGlobal
