
Microsoft Visual Studio Solution File, Format Version 12.00
# Visual Studio Version 16
VisualStudioVersion = 16.0.30907.101
MinimumVisualStudioVersion = 10.0.40219.1
Project("{8BC9CEB8-8B4A-11D0-8D11-00A0C91BC942}") = "test_2021_2_21", "test_2021_2_21.vcxproj", "{B437D93F-D2AE-4B2C-A3A5-1387840ABDF6}"
EndProject
Global
	GlobalSection(SolutionConfigurationPlatforms) = preSolution
		Debug|x64 = Debug|x64
		Debug|x86 = Debug|x86
		Release|x64 = Release|x64
		Release|x86 = Release|x86
	EndGlobalSection
	GlobalSection(ProjectConfigurationPlatforms) = postSolution
		{B437D93F-D2AE-4B2C-A3A5-1387840ABDF6}.Debug|x64.ActiveCfg = Debug|x64
		{B437D93F-D2AE-4B2C-A3A5-1387840ABDF6}.Debug|x64.Build.0 = Debug|x64
		{B437D93F-D2AE-4B2C-A3A5-1387840ABDF6}.Debug|x86.ActiveCfg = Debug|Win32
		{B437D93F-D2AE-4B2C-A3A5-1387840ABDF6}.Debug|x86.Build.0 = Debug|Win32
		{B437D93F-D2AE-4B2C-A3A5-1387840ABDF6}.Release|x64.ActiveCfg = Release|x64
		{B437D93F-D2AE-4B2C-A3A5-1387840ABDF6}.Release|x64.Build.0 = Release|x64
		{B437D93F-D2AE-4B2C-A3A5-1387840ABDF6}.Release|x86.ActiveCfg = Release|Win32
		{B437D93F-D2AE-4B2C-A3A5-1387840ABDF6}.Release|x86.Build.0 = Release|Win32
	EndGlobalSection
	GlobalSection(SolutionProperties) = preSolution
		HideSolutionNode = FALSE
	EndGlobalSection
	GlobalSection(ExtensibilityGlobals) = postSolution
		SolutionGuid = {B8EE9089-BF79-4587-907E-2ADDE11FD4B7}
	EndGlobalSection
EndGlobal
