
Microsoft Visual Studio Solution File, Format Version 12.00
# Visual Studio Version 16
VisualStudioVersion = 16.0.30907.101
MinimumVisualStudioVersion = 10.0.40219.1
Project("{8BC9CEB8-8B4A-11D0-8D11-00A0C91BC942}") = "test_2021_4_6", "test_2021_4_6.vcxproj", "{F1FCE758-B572-4538-B480-C101E676ED21}"
EndProject
Global
	GlobalSection(SolutionConfigurationPlatforms) = preSolution
		Debug|x64 = Debug|x64
		Debug|x86 = Debug|x86
		Release|x64 = Release|x64
		Release|x86 = Release|x86
	EndGlobalSection
	GlobalSection(ProjectConfigurationPlatforms) = postSolution
		{F1FCE758-B572-4538-B480-C101E676ED21}.Debug|x64.ActiveCfg = Debug|x64
		{F1FCE758-B572-4538-B480-C101E676ED21}.Debug|x64.Build.0 = Debug|x64
		{F1FCE758-B572-4538-B480-C101E676ED21}.Debug|x86.ActiveCfg = Debug|Win32
		{F1FCE758-B572-4538-B480-C101E676ED21}.Debug|x86.Build.0 = Debug|Win32
		{F1FCE758-B572-4538-B480-C101E676ED21}.Release|x64.ActiveCfg = Release|x64
		{F1FCE758-B572-4538-B480-C101E676ED21}.Release|x64.Build.0 = Release|x64
		{F1FCE758-B572-4538-B480-C101E676ED21}.Release|x86.ActiveCfg = Release|Win32
		{F1FCE758-B572-4538-B480-C101E676ED21}.Release|x86.Build.0 = Release|Win32
	EndGlobalSection
	GlobalSection(SolutionProperties) = preSolution
		HideSolutionNode = FALSE
	EndGlobalSection
	GlobalSection(ExtensibilityGlobals) = postSolution
		SolutionGuid = {2E54F657-84DF-458E-BA56-E7AC5DBEC437}
	EndGlobalSection
EndGlobal
