
Microsoft Visual Studio Solution File, Format Version 12.00
# Visual Studio Version 16
VisualStudioVersion = 16.0.30907.101
MinimumVisualStudioVersion = 10.0.40219.1
Project("{8BC9CEB8-8B4A-11D0-8D11-00A0C91BC942}") = "test_2021_3_", "test_2021_3_.vcxproj", "{37E35738-3137-4EE8-9A09-A11BD5BDD649}"
EndProject
Global
	GlobalSection(SolutionConfigurationPlatforms) = preSolution
		Debug|x64 = Debug|x64
		Debug|x86 = Debug|x86
		Release|x64 = Release|x64
		Release|x86 = Release|x86
	EndGlobalSection
	GlobalSection(ProjectConfigurationPlatforms) = postSolution
		{37E35738-3137-4EE8-9A09-A11BD5BDD649}.Debug|x64.ActiveCfg = Debug|x64
		{37E35738-3137-4EE8-9A09-A11BD5BDD649}.Debug|x64.Build.0 = Debug|x64
		{37E35738-3137-4EE8-9A09-A11BD5BDD649}.Debug|x86.ActiveCfg = Debug|Win32
		{37E35738-3137-4EE8-9A09-A11BD5BDD649}.Debug|x86.Build.0 = Debug|Win32
		{37E35738-3137-4EE8-9A09-A11BD5BDD649}.Release|x64.ActiveCfg = Release|x64
		{37E35738-3137-4EE8-9A09-A11BD5BDD649}.Release|x64.Build.0 = Release|x64
		{37E35738-3137-4EE8-9A09-A11BD5BDD649}.Release|x86.ActiveCfg = Release|Win32
		{37E35738-3137-4EE8-9A09-A11BD5BDD649}.Release|x86.Build.0 = Release|Win32
	EndGlobalSection
	GlobalSection(SolutionProperties) = preSolution
		HideSolutionNode = FALSE
	EndGlobalSection
	GlobalSection(ExtensibilityGlobals) = postSolution
		SolutionGuid = {0028426A-C20D-4F69-81BC-B0542257380D}
	EndGlobalSection
EndGlobal
