
Microsoft Visual Studio Solution File, Format Version 12.00
# Visual Studio Version 16
VisualStudioVersion = 16.0.30907.101
MinimumVisualStudioVersion = 10.0.40219.1
Project("{8BC9CEB8-8B4A-11D0-8D11-00A0C91BC942}") = "test_2021_3_17", "test_2021_3_17.vcxproj", "{06EA38E9-8539-4BAB-A23A-D93F4C7532AD}"
EndProject
Global
	GlobalSection(SolutionConfigurationPlatforms) = preSolution
		Debug|x64 = Debug|x64
		Debug|x86 = Debug|x86
		Release|x64 = Release|x64
		Release|x86 = Release|x86
	EndGlobalSection
	GlobalSection(ProjectConfigurationPlatforms) = postSolution
		{06EA38E9-8539-4BAB-A23A-D93F4C7532AD}.Debug|x64.ActiveCfg = Debug|x64
		{06EA38E9-8539-4BAB-A23A-D93F4C7532AD}.Debug|x64.Build.0 = Debug|x64
		{06EA38E9-8539-4BAB-A23A-D93F4C7532AD}.Debug|x86.ActiveCfg = Debug|Win32
		{06EA38E9-8539-4BAB-A23A-D93F4C7532AD}.Debug|x86.Build.0 = Debug|Win32
		{06EA38E9-8539-4BAB-A23A-D93F4C7532AD}.Release|x64.ActiveCfg = Release|x64
		{06EA38E9-8539-4BAB-A23A-D93F4C7532AD}.Release|x64.Build.0 = Release|x64
		{06EA38E9-8539-4BAB-A23A-D93F4C7532AD}.Release|x86.ActiveCfg = Release|Win32
		{06EA38E9-8539-4BAB-A23A-D93F4C7532AD}.Release|x86.Build.0 = Release|Win32
	EndGlobalSection
	GlobalSection(SolutionProperties) = preSolution
		HideSolutionNode = FALSE
	EndGlobalSection
	GlobalSection(ExtensibilityGlobals) = postSolution
		SolutionGuid = {0B8C8065-8C71-405C-8D8A-5FDC7E4B802C}
	EndGlobalSection
EndGlobal
